// !$*UTF8*$!
{
	archiveVersion = 1;
	classes = {
	};
	objectVersion = 56;
	objects = {

/* Begin PBXBuildFile section */
		3342252D2A5FF17B008F456B /* SearchResultViewController.swift in Sources */ = {isa = PBXBuildFile; fileRef = 3342252C2A5FF17B008F456B /* SearchResultViewController.swift */; };
		334225302A5FF295008F456B /* Music.swift in Sources */ = {isa = PBXBuildFile; fileRef = 3342252F2A5FF295008F456B /* Music.swift */; };
		334225322A5FF2A6008F456B /* NetworkingManager.swift in Sources */ = {isa = PBXBuildFile; fileRef = 334225312A5FF2A6008F456B /* NetworkingManager.swift */; };
		33A972C32A5FE1D7008BC365 /* AppDelegate.swift in Sources */ = {isa = PBXBuildFile; fileRef = 33A972C22A5FE1D7008BC365 /* AppDelegate.swift */; };
		33A972C52A5FE1D7008BC365 /* SceneDelegate.swift in Sources */ = {isa = PBXBuildFile; fileRef = 33A972C42A5FE1D7008BC365 /* SceneDelegate.swift */; };
		33A972C72A5FE1D7008BC365 /* ViewController.swift in Sources */ = {isa = PBXBuildFile; fileRef = 33A972C62A5FE1D7008BC365 /* ViewController.swift */; };
		33A972CA2A5FE1D7008BC365 /* Main.storyboard in Resources */ = {isa = PBXBuildFile; fileRef = 33A972C82A5FE1D7008BC365 /* Main.storyboard */; };
		33A972CC2A5FE1D8008BC365 /* Assets.xcassets in Resources */ = {isa = PBXBuildFile; fileRef = 33A972CB2A5FE1D8008BC365 /* Assets.xcassets */; };
		33A972CF2A5FE1D8008BC365 /* LaunchScreen.storyboard in Resources */ = {isa = PBXBuildFile; fileRef = 33A972CD2A5FE1D8008BC365 /* LaunchScreen.storyboard */; };
		33A972D82A5FE3AF008BC365 /* Constants.swift in Sources */ = {isa = PBXBuildFile; fileRef = 33A972D72A5FE3AF008BC365 /* Constants.swift */; };
		33A972DE2A5FE5CE008BC365 /* MyMusicCell.swift in Sources */ = {isa = PBXBuildFile; fileRef = 33A972DC2A5FE5CE008BC365 /* MyMusicCell.swift */; };
		33A972DF2A5FE5CE008BC365 /* MyMusicCell.xib in Resources */ = {isa = PBXBuildFile; fileRef = 33A972DD2A5FE5CE008BC365 /* MyMusicCell.xib */; };
/* End PBXBuildFile section */

/* Begin PBXFileReference section */
		3342252C2A5FF17B008F456B /* SearchResultViewController.swift */ = {isa = PBXFileReference; lastKnownFileType = sourcecode.swift; path = SearchResultViewController.swift; sourceTree = "<group>"; };
		3342252F2A5FF295008F456B /* Music.swift */ = {isa = PBXFileReference; lastKnownFileType = sourcecode.swift; path = Music.swift; sourceTree = "<group>"; };
		334225312A5FF2A6008F456B /* NetworkingManager.swift */ = {isa = PBXFileReference; lastKnownFileType = sourcecode.swift; path = NetworkingManager.swift; sourceTree = "<group>"; };
		33A972BF2A5FE1D7008BC365 /* MyMusicApp.app */ = {isa = PBXFileReference; explicitFileType = wrapper.application; includeInIndex = 0; path = MyMusicApp.app; sourceTree = BUILT_PRODUCTS_DIR; };
		33A972C22A5FE1D7008BC365 /* AppDelegate.swift */ = {isa = PBXFileReference; lastKnownFileType = sourcecode.swift; path = AppDelegate.swift; sourceTree = "<group>"; };
		33A972C42A5FE1D7008BC365 /* SceneDelegate.swift */ = {isa = PBXFileReference; lastKnownFileType = sourcecode.swift; path = SceneDelegate.swift; sourceTree = "<group>"; };
		33A972C62A5FE1D7008BC365 /* ViewController.swift */ = {isa = PBXFileReference; lastKnownFileType = sourcecode.swift; path = ViewController.swift; sourceTree = "<group>"; };
		33A972C92A5FE1D7008BC365 /* Base */ = {isa = PBXFileReference; lastKnownFileType = file.storyboard; name = Base; path = Base.lproj/Main.storyboard; sourceTree = "<group>"; };
		33A972CB2A5FE1D8008BC365 /* Assets.xcassets */ = {isa = PBXFileReference; lastKnownFileType = folder.assetcatalog; path = Assets.xcassets; sourceTree = "<group>"; };
		33A972CE2A5FE1D8008BC365 /* Base */ = {isa = PBXFileReference; lastKnownFileType = file.storyboard; name = Base; path = Base.lproj/LaunchScreen.storyboard; sourceTree = "<group>"; };
		33A972D02A5FE1D8008BC365 /* Info.plist */ = {isa = PBXFileReference; lastKnownFileType = text.plist.xml; path = Info.plist; sourceTree = "<group>"; };
		33A972D72A5FE3AF008BC365 /* Constants.swift */ = {isa = PBXFileReference; lastKnownFileType = sourcecode.swift; path = Constants.swift; sourceTree = "<group>"; };
		33A972DC2A5FE5CE008BC365 /* MyMusicCell.swift */ = {isa = PBXFileReference; lastKnownFileType = sourcecode.swift; path = MyMusicCell.swift; sourceTree = "<group>"; };
		33A972DD2A5FE5CE008BC365 /* MyMusicCell.xib */ = {isa = PBXFileReference; lastKnownFileType = file.xib; path = MyMusicCell.xib; sourceTree = "<group>"; };
/* End PBXFileReference section */

/* Begin PBXFrameworksBuildPhase section */
		33A972BC2A5FE1D7008BC365 /* Frameworks */ = {
			isa = PBXFrameworksBuildPhase;
			buildActionMask = 2147483647;
			files = (
			);
			runOnlyForDeploymentPostprocessing = 0;
		};
/* End PBXFrameworksBuildPhase section */

/* Begin PBXGroup section */
		3342252E2A5FF27B008F456B /* Networking */ = {
			isa = PBXGroup;
			children = (
				334225312A5FF2A6008F456B /* NetworkingManager.swift */,
			);
			path = Networking;
			sourceTree = "<group>";
		};
		33A972B62A5FE1D7008BC365 = {
			isa = PBXGroup;
			children = (
				33A972C12A5FE1D7008BC365 /* MyMusicApp */,
				33A972C02A5FE1D7008BC365 /* Products */,
			);
			sourceTree = "<group>";
		};
		33A972C02A5FE1D7008BC365 /* Products */ = {
			isa = PBXGroup;
			children = (
				33A972BF2A5FE1D7008BC365 /* MyMusicApp.app */,
			);
			name = Products;
			sourceTree = "<group>";
		};
		33A972C12A5FE1D7008BC365 /* MyMusicApp */ = {
			isa = PBXGroup;
			children = (
				33A972C22A5FE1D7008BC365 /* AppDelegate.swift */,
				33A972C42A5FE1D7008BC365 /* SceneDelegate.swift */,
				33A972D62A5FE373008BC365 /* Helpers */,
				3342252E2A5FF27B008F456B /* Networking */,
				33A972DB2A5FE527008BC365 /* Models */,
				33A972DA2A5FE522008BC365 /* Views */,
				33A972D92A5FE51B008BC365 /* Controllers */,
				33A972CB2A5FE1D8008BC365 /* Assets.xcassets */,
				33A972CD2A5FE1D8008BC365 /* LaunchScreen.storyboard */,
				33A972D02A5FE1D8008BC365 /* Info.plist */,
			);
			path = MyMusicApp;
			sourceTree = "<group>";
		};
		33A972D62A5FE373008BC365 /* Helpers */ = {
			isa = PBXGroup;
			children = (
				33A972D72A5FE3AF008BC365 /* Constants.swift */,
			);
			path = Helpers;
			sourceTree = "<group>";
		};
		33A972D92A5FE51B008BC365 /* Controllers */ = {
			isa = PBXGroup;
			children = (
				33A972C62A5FE1D7008BC365 /* ViewController.swift */,
				3342252C2A5FF17B008F456B /* SearchResultViewController.swift */,
			);
			path = Controllers;
			sourceTree = "<group>";
		};
		33A972DA2A5FE522008BC365 /* Views */ = {
			isa = PBXGroup;
			children = (
				33A972C82A5FE1D7008BC365 /* Main.storyboard */,
				33A972DC2A5FE5CE008BC365 /* MyMusicCell.swift */,
				33A972DD2A5FE5CE008BC365 /* MyMusicCell.xib */,
			);
			path = Views;
			sourceTree = "<group>";
		};
		33A972DB2A5FE527008BC365 /* Models */ = {
			isa = PBXGroup;
			children = (
				3342252F2A5FF295008F456B /* Music.swift */,
			);
			path = Models;
			sourceTree = "<group>";
		};
/* End PBXGroup section */

/* Begin PBXNativeTarget section */
		33A972BE2A5FE1D7008BC365 /* MyMusicApp */ = {
			isa = PBXNativeTarget;
			buildConfigurationList = 33A972D32A5FE1D8008BC365 /* Build configuration list for PBXNativeTarget "MyMusicApp" */;
			buildPhases = (
				33A972BB2A5FE1D7008BC365 /* Sources */,
				33A972BC2A5FE1D7008BC365 /* Frameworks */,
				33A972BD2A5FE1D7008BC365 /* Resources */,
			);
			buildRules = (
			);
			dependencies = (
			);
			name = MyMusicApp;
			productName = MyMusicApp;
			productReference = 33A972BF2A5FE1D7008BC365 /* MyMusicApp.app */;
			productType = "com.apple.product-type.application";
		};
/* End PBXNativeTarget section */

/* Begin PBXProject section */
		33A972B72A5FE1D7008BC365 /* Project object */ = {
			isa = PBXProject;
			attributes = {
				BuildIndependentTargetsInParallel = 1;
				LastSwiftUpdateCheck = 1420;
				LastUpgradeCheck = 1420;
				TargetAttributes = {
					33A972BE2A5FE1D7008BC365 = {
						CreatedOnToolsVersion = 14.2;
					};
				};
			};
			buildConfigurationList = 33A972BA2A5FE1D7008BC365 /* Build configuration list for PBXProject "MyMusicApp" */;
			compatibilityVersion = "Xcode 14.0";
			developmentRegion = en;
			hasScannedForEncodings = 0;
			knownRegions = (
				en,
				Base,
			);
			mainGroup = 33A972B62A5FE1D7008BC365;
			productRefGroup = 33A972C02A5FE1D7008BC365 /* Products */;
			projectDirPath = "";
			projectRoot = "";
			targets = (
				33A972BE2A5FE1D7008BC365 /* MyMusicApp */,
			);
		};
/* End PBXProject section */

/* Begin PBXResourcesBuildPhase section */
		33A972BD2A5FE1D7008BC365 /* Resources */ = {
			isa = PBXResourcesBuildPhase;
			buildActionMask = 2147483647;
			files = (
				33A972CF2A5FE1D8008BC365 /* LaunchScreen.storyboard in Resources */,
				33A972CC2A5FE1D8008BC365 /* Assets.xcassets in Resources */,
				33A972CA2A5FE1D7008BC365 /* Main.storyboard in Resources */,
				33A972DF2A5FE5CE008BC365 /* MyMusicCell.xib in Resources */,
			);
			runOnlyForDeploymentPostprocessing = 0;
		};
/* End PBXResourcesBuildPhase section */

/* Begin PBXSourcesBuildPhase section */
		33A972BB2A5FE1D7008BC365 /* Sources */ = {
			isa = PBXSourcesBuildPhase;
			buildActionMask = 2147483647;
			files = (
				33A972DE2A5FE5CE008BC365 /* MyMusicCell.swift in Sources */,
				33A972C72A5FE1D7008BC365 /* ViewController.swift in Sources */,
				33A972C32A5FE1D7008BC365 /* AppDelegate.swift in Sources */,
				33A972C52A5FE1D7008BC365 /* SceneDelegate.swift in Sources */,
				334225302A5FF295008F456B /* Music.swift in Sources */,
				334225322A5FF2A6008F456B /* NetworkingManager.swift in Sources */,
				3342252D2A5FF17B008F456B /* SearchResultViewController.swift in Sources */,
				33A972D82A5FE3AF008BC365 /* Constants.swift in Sources */,
			);
			runOnlyForDeploymentPostprocessing = 0;
		};
/* End PBXSourcesBuildPhase section */

/* Begin PBXVariantGroup section */
		33A972C82A5FE1D7008BC365 /* Main.storyboard */ = {
			isa = PBXVariantGroup;
			children = (
				33A972C92A5FE1D7008BC365 /* Base */,
			);
			name = Main.storyboard;
			sourceTree = "<group>";
		};
		33A972CD2A5FE1D8008BC365 /* LaunchScreen.storyboard */ = {
			isa = PBXVariantGroup;
			children = (
				33A972CE2A5FE1D8008BC365 /* Base */,
			);
			name = LaunchScreen.storyboard;
			sourceTree = "<group>";
		};
/* End PBXVariantGroup section */

/* Begin XCBuildConfiguration section */
		33A972D12A5FE1D8008BC365 /* Debug */ = {
			isa = XCBuildConfiguration;
			buildSettings = {
				ALWAYS_SEARCH_USER_PATHS = NO;
				CLANG_ANALYZER_NONNULL = YES;
				CLANG_ANALYZER_NUMBER_OBJECT_CONVERSION = YES_AGGRESSIVE;
				CLANG_CXX_LANGUAGE_STANDARD = "gnu++20";
				CLANG_ENABLE_MODULES = YES;
				CLANG_ENABLE_OBJC_ARC = YES;
				CLANG_ENABLE_OBJC_WEAK = YES;
				CLANG_WARN_BLOCK_CAPTURE_AUTORELEASING = YES;
				CLANG_WARN_BOOL_CONVERSION = YES;
				CLANG_WARN_COMMA = YES;
				CLANG_WARN_CONSTANT_CONVERSION = YES;
				CLANG_WARN_DEPRECATED_OBJC_IMPLEMENTATIONS = YES;
				CLANG_WARN_DIRECT_OBJC_ISA_USAGE = YES_ERROR;
				CLANG_WARN_DOCUMENTATION_COMMENTS = YES;
				CLANG_WARN_EMPTY_BODY = YES;
				CLANG_WARN_ENUM_CONVERSION = YES;
				CLANG_WARN_INFINITE_RECURSION = YES;
				CLANG_WARN_INT_CONVERSION = YES;
				CLANG_WARN_NON_LITERAL_NULL_CONVERSION = YES;
				CLANG_WARN_OBJC_IMPLICIT_RETAIN_SELF = YES;
				CLANG_WARN_OBJC_LITERAL_CONVERSION = YES;
				CLANG_WARN_OBJC_ROOT_CLASS = YES_ERROR;
				CLANG_WARN_QUOTED_INCLUDE_IN_FRAMEWORK_HEADER = YES;
				CLANG_WARN_RANGE_LOOP_ANALYSIS = YES;
				CLANG_WARN_STRICT_PROTOTYPES = YES;
				CLANG_WARN_SUSPICIOUS_MOVE = YES;
				CLANG_WARN_UNGUARDED_AVAILABILITY = YES_AGGRESSIVE;
				CLANG_WARN_UNREACHABLE_CODE = YES;
				CLANG_WARN__DUPLICATE_METHOD_MATCH = YES;
				COPY_PHASE_STRIP = NO;
				DEBUG_INFORMATION_FORMAT = dwarf;
				ENABLE_STRICT_OBJC_MSGSEND = YES;
				ENABLE_TESTABILITY = YES;
				GCC_C_LANGUAGE_STANDARD = gnu11;
				GCC_DYNAMIC_NO_PIC = NO;
				GCC_NO_COMMON_BLOCKS = YES;
				GCC_OPTIMIZATION_LEVEL = 0;
				GCC_PREPROCESSOR_DEFINITIONS = (
					"DEBUG=1",
					"$(inherited)",
				);
				GCC_WARN_64_TO_32_BIT_CONVERSION = YES;
				GCC_WARN_ABOUT_RETURN_TYPE = YES_ERROR;
				GCC_WARN_UNDECLARED_SELECTOR = YES;
				GCC_WARN_UNINITIALIZED_AUTOS = YES_AGGRESSIVE;
				GCC_WARN_UNUSED_FUNCTION = YES;
				GCC_WARN_UNUSED_VARIABLE = YES;
				IPHONEOS_DEPLOYMENT_TARGET = 16.2;
				MTL_ENABLE_DEBUG_INFO = INCLUDE_SOURCE;
				MTL_FAST_MATH = YES;
				ONLY_ACTIVE_ARCH = YES;
				SDKROOT = iphoneos;
				SWIFT_ACTIVE_COMPILATION_CONDITIONS = DEBUG;
				SWIFT_OPTIMIZATION_LEVEL = "-Onone";
			};
			name = Debug;
		};
		33A972D22A5FE1D8008BC365 /* Release */ = {
			isa = XCBuildConfiguration;
			buildSettings = {
				ALWAYS_SEARCH_USER_PATHS = NO;
				CLANG_ANALYZER_NONNULL = YES;
				CLANG_ANALYZER_NUMBER_OBJECT_CONVERSION = YES_AGGRESSIVE;
				CLANG_CXX_LANGUAGE_STANDARD = "gnu++20";
				CLANG_ENABLE_MODULES = YES;
				CLANG_ENABLE_OBJC_ARC = YES;
				CLANG_ENABLE_OBJC_WEAK = YES;
				CLANG_WARN_BLOCK_CAPTURE_AUTORELEASING = YES;
				CLANG_WARN_BOOL_CONVERSION = YES;
				CLANG_WARN_COMMA = YES;
				CLANG_WARN_CONSTANT_CONVERSION = YES;
				CLANG_WARN_DEPRECATED_OBJC_IMPLEMENTATIONS = YES;
				CLANG_WARN_DIRECT_OBJC_ISA_USAGE = YES_ERROR;
				CLANG_WARN_DOCUMENTATION_COMMENTS = YES;
				CLANG_WARN_EMPTY_BODY = YES;
				CLANG_WARN_ENUM_CONVERSION = YES;
				CLANG_WARN_INFINITE_RECURSION = YES;
				CLANG_WARN_INT_CONVERSION = YES;
				CLANG_WARN_NON_LITERAL_NULL_CONVERSION = YES;
				CLANG_WARN_OBJC_IMPLICIT_RETAIN_SELF = YES;
				CLANG_WARN_OBJC_LITERAL_CONVERSION = YES;
				CLANG_WARN_OBJC_ROOT_CLASS = YES_ERROR;
				CLANG_WARN_QUOTED_INCLUDE_IN_FRAMEWORK_HEADER = YES;
				CLANG_WARN_RANGE_LOOP_ANALYSIS = YES;
				CLANG_WARN_STRICT_PROTOTYPES = YES;
				CLANG_WARN_SUSPICIOUS_MOVE = YES;
				CLANG_WARN_UNGUARDED_AVAILABILITY = YES_AGGRESSIVE;
				CLANG_WARN_UNREACHABLE_CODE = YES;
				CLANG_WARN__DUPLICATE_METHOD_MATCH = YES;
				COPY_PHASE_STRIP = NO;
				DEBUG_INFORMATION_FORMAT = "dwarf-with-dsym";
				ENABLE_NS_ASSERTIONS = NO;
				ENABLE_STRICT_OBJC_MSGSEND = YES;
				GCC_C_LANGUAGE_STANDARD = gnu11;
				GCC_NO_COMMON_BLOCKS = YES;
				GCC_WARN_64_TO_32_BIT_CONVERSION = YES;
				GCC_WARN_ABOUT_RETURN_TYPE = YES_ERROR;
				GCC_WARN_UNDECLARED_SELECTOR = YES;
				GCC_WARN_UNINITIALIZED_AUTOS = YES_AGGRESSIVE;
				GCC_WARN_UNUSED_FUNCTION = YES;
				GCC_WARN_UNUSED_VARIABLE = YES;
				IPHONEOS_DEPLOYMENT_TARGET = 16.2;
				MTL_ENABLE_DEBUG_INFO = NO;
				MTL_FAST_MATH = YES;
				SDKROOT = iphoneos;
				SWIFT_COMPILATION_MODE = wholemodule;
				SWIFT_OPTIMIZATION_LEVEL = "-O";
				VALIDATE_PRODUCT = YES;
			};
			name = Release;
		};
		33A972D42A5FE1D8008BC365 /* Debug */ = {
			isa = XCBuildConfiguration;
			buildSettings = {
				ASSETCATALOG_COMPILER_APPICON_NAME = AppIcon;
				ASSETCATALOG_COMPILER_GLOBAL_ACCENT_COLOR_NAME = AccentColor;
				CODE_SIGN_STYLE = Automatic;
				CURRENT_PROJECT_VERSION = 1;
				GENERATE_INFOPLIST_FILE = YES;
				INFOPLIST_FILE = MyMusicApp/Info.plist;
				INFOPLIST_KEY_UIApplicationSupportsIndirectInputEvents = YES;
				INFOPLIST_KEY_UILaunchStoryboardName = LaunchScreen;
				INFOPLIST_KEY_UIMainStoryboardFile = Main;
				INFOPLIST_KEY_UISupportedInterfaceOrientations = UIInterfaceOrientationPortrait;
				INFOPLIST_KEY_UISupportedInterfaceOrientations_iPad = "UIInterfaceOrientationLandscapeLeft UIInterfaceOrientationLandscapeRight UIInterfaceOrientationPortrait UIInterfaceOrientationPortraitUpsideDown";
				IPHONEOS_DEPLOYMENT_TARGET = 14.0;
				LD_RUNPATH_SEARCH_PATHS = (
					"$(inherited)",
					"@executable_path/Frameworks",
				);
				MARKETING_VERSION = 1.0;
				PRODUCT_BUNDLE_IDENTIFIER = com.sj.MyMusicApp;
				PRODUCT_NAME = "$(TARGET_NAME)";
				SUPPORTED_PLATFORMS = "iphoneos iphonesimulator";
				SUPPORTS_MACCATALYST = NO;
				SUPPORTS_MAC_DESIGNED_FOR_IPHONE_IPAD = NO;
				SWIFT_EMIT_LOC_STRINGS = YES;
				SWIFT_VERSION = 5.0;
				TARGETED_DEVICE_FAMILY = 1;
			};
			name = Debug;
		};
		33A972D52A5FE1D8008BC365 /* Release */ = {
			isa = XCBuildConfiguration;
			buildSettings = {
				ASSETCATALOG_COMPILER_APPICON_NAME = AppIcon;
				ASSETCATALOG_COMPILER_GLOBAL_ACCENT_COLOR_NAME = AccentColor;
				CODE_SIGN_STYLE = Automatic;
				CURRENT_PROJECT_VERSION = 1;
				GENERATE_INFOPLIST_FILE = YES;
				INFOPLIST_FILE = MyMusicApp/Info.plist;
				INFOPLIST_KEY_UIApplicationSupportsIndirectInputEvents = YES;
				INFOPLIST_KEY_UILaunchStoryboardName = LaunchScreen;
				INFOPLIST_KEY_UIMainStoryboardFile = Main;
				INFOPLIST_KEY_UISupportedInterfaceOrientations = UIInterfaceOrientationPortrait;
				INFOPLIST_KEY_UISupportedInterfaceOrientations_iPad = "UIInterfaceOrientationLandscapeLeft UIInterfaceOrientationLandscapeRight UIInterfaceOrientationPortrait UIInterfaceOrientationPortraitUpsideDown";
				IPHONEOS_DEPLOYMENT_TARGET = 14.0;
				LD_RUNPATH_SEARCH_PATHS = (
					"$(inherited)",
					"@executable_path/Frameworks",
				);
				MARKETING_VERSION = 1.0;
				PRODUCT_BUNDLE_IDENTIFIER = com.sj.MyMusicApp;
				PRODUCT_NAME = "$(TARGET_NAME)";
				SUPPORTED_PLATFORMS = "iphoneos iphonesimulator";
				SUPPORTS_MACCATALYST = NO;
				SUPPORTS_MAC_DESIGNED_FOR_IPHONE_IPAD = NO;
				SWIFT_EMIT_LOC_STRINGS = YES;
				SWIFT_VERSION = 5.0;
				TARGETED_DEVICE_FAMILY = 1;
			};
			name = Release;
		};
/* End XCBuildConfiguration section */

/* Begin XCConfigurationList section */
		33A972BA2A5FE1D7008BC365 /* Build configuration list for PBXProject "MyMusicApp" */ = {
			isa = XCConfigurationList;
			buildConfigurations = (
				33A972D12A5FE1D8008BC365 /* Debug */,
				33A972D22A5FE1D8008BC365 /* Release */,
			);
			defaultConfigurationIsVisible = 0;
			defaultConfigurationName = Release;
		};
		33A972D32A5FE1D8008BC365 /* Build configuration list for PBXNativeTarget "MyMusicApp" */ = {
			isa = XCConfigurationList;
			buildConfigurations = (
				33A972D42A5FE1D8008BC365 /* Debug */,
				33A972D52A5FE1D8008BC365 /* Release */,
			);
			defaultConfigurationIsVisible = 0;
			defaultConfigurationName = Release;
		};
/* End XCConfigurationList section */
	};
	rootObject = 33A972B72A5FE1D7008BC365 /* Project object */;
}
