// !$*UTF8*$!
{
	archiveVersion = 1;
	classes = {
	};
	objectVersion = 56;
	objects = {

/* Begin PBXBuildFile section */
		33649E792A7B9D5E0009B6D7 /* MyColor.swift in Sources */ = {isa = PBXBuildFile; fileRef = 33649E782A7B9D5E0009B6D7 /* MyColor.swift */; };
		33649E7B2A7B9D910009B6D7 /* UIColor+Extension.swift in Sources */ = {isa = PBXBuildFile; fileRef = 33649E7A2A7B9D910009B6D7 /* UIColor+Extension.swift */; };
		33649E7D2A7BA44C0009B6D7 /* DetailViewController.swift in Sources */ = {isa = PBXBuildFile; fileRef = 33649E7C2A7BA44C0009B6D7 /* DetailViewController.swift */; };
		338C26852A6FFB69008E6686 /* AppDelegate.swift in Sources */ = {isa = PBXBuildFile; fileRef = 338C26842A6FFB69008E6686 /* AppDelegate.swift */; };
		338C26872A6FFB69008E6686 /* SceneDelegate.swift in Sources */ = {isa = PBXBuildFile; fileRef = 338C26862A6FFB69008E6686 /* SceneDelegate.swift */; };
		338C26892A6FFB69008E6686 /* ViewController.swift in Sources */ = {isa = PBXBuildFile; fileRef = 338C26882A6FFB69008E6686 /* ViewController.swift */; };
		338C268C2A6FFB69008E6686 /* Main.storyboard in Resources */ = {isa = PBXBuildFile; fileRef = 338C268A2A6FFB69008E6686 /* Main.storyboard */; };
		338C268F2A6FFB69008E6686 /* ToDoApp.xcdatamodeld in Sources */ = {isa = PBXBuildFile; fileRef = 338C268D2A6FFB69008E6686 /* ToDoApp.xcdatamodeld */; };
		338C26912A6FFB6A008E6686 /* Assets.xcassets in Resources */ = {isa = PBXBuildFile; fileRef = 338C26902A6FFB6A008E6686 /* Assets.xcassets */; };
		338C26942A6FFB6A008E6686 /* LaunchScreen.storyboard in Resources */ = {isa = PBXBuildFile; fileRef = 338C26922A6FFB6A008E6686 /* LaunchScreen.storyboard */; };
		33B53CCE2A726DF4007DD5FA /* ToDoData+CoreDataClass.swift in Sources */ = {isa = PBXBuildFile; fileRef = 33B53CCC2A726DF4007DD5FA /* ToDoData+CoreDataClass.swift */; };
		33B53CCF2A726DF4007DD5FA /* ToDoData+CoreDataProperties.swift in Sources */ = {isa = PBXBuildFile; fileRef = 33B53CCD2A726DF4007DD5FA /* ToDoData+CoreDataProperties.swift */; };
		33B53CD42A726EAC007DD5FA /* CoreDataManager.swift in Sources */ = {isa = PBXBuildFile; fileRef = 33B53CD32A726EAC007DD5FA /* CoreDataManager.swift */; };
		33B53CD62A727740007DD5FA /* ToDoCell.swift in Sources */ = {isa = PBXBuildFile; fileRef = 33B53CD52A727740007DD5FA /* ToDoCell.swift */; };
/* End PBXBuildFile section */

/* Begin PBXFileReference section */
		33649E782A7B9D5E0009B6D7 /* MyColor.swift */ = {isa = PBXFileReference; lastKnownFileType = sourcecode.swift; path = MyColor.swift; sourceTree = "<group>"; };
		33649E7A2A7B9D910009B6D7 /* UIColor+Extension.swift */ = {isa = PBXFileReference; lastKnownFileType = sourcecode.swift; path = "UIColor+Extension.swift"; sourceTree = "<group>"; };
		33649E7C2A7BA44C0009B6D7 /* DetailViewController.swift */ = {isa = PBXFileReference; lastKnownFileType = sourcecode.swift; path = DetailViewController.swift; sourceTree = "<group>"; };
		338C26812A6FFB69008E6686 /* ToDoApp.app */ = {isa = PBXFileReference; explicitFileType = wrapper.application; includeInIndex = 0; path = ToDoApp.app; sourceTree = BUILT_PRODUCTS_DIR; };
		338C26842A6FFB69008E6686 /* AppDelegate.swift */ = {isa = PBXFileReference; lastKnownFileType = sourcecode.swift; path = AppDelegate.swift; sourceTree = "<group>"; };
		338C26862A6FFB69008E6686 /* SceneDelegate.swift */ = {isa = PBXFileReference; lastKnownFileType = sourcecode.swift; path = SceneDelegate.swift; sourceTree = "<group>"; };
		338C26882A6FFB69008E6686 /* ViewController.swift */ = {isa = PBXFileReference; lastKnownFileType = sourcecode.swift; path = ViewController.swift; sourceTree = "<group>"; };
		338C268B2A6FFB69008E6686 /* Base */ = {isa = PBXFileReference; lastKnownFileType = file.storyboard; name = Base; path = Base.lproj/Main.storyboard; sourceTree = "<group>"; };
		338C268E2A6FFB69008E6686 /* ToDoApp.xcdatamodel */ = {isa = PBXFileReference; lastKnownFileType = wrapper.xcdatamodel; path = ToDoApp.xcdatamodel; sourceTree = "<group>"; };
		338C26902A6FFB6A008E6686 /* Assets.xcassets */ = {isa = PBXFileReference; lastKnownFileType = folder.assetcatalog; path = Assets.xcassets; sourceTree = "<group>"; };
		338C26932A6FFB6A008E6686 /* Base */ = {isa = PBXFileReference; lastKnownFileType = file.storyboard; name = Base; path = Base.lproj/LaunchScreen.storyboard; sourceTree = "<group>"; };
		338C26952A6FFB6A008E6686 /* Info.plist */ = {isa = PBXFileReference; lastKnownFileType = text.plist.xml; path = Info.plist; sourceTree = "<group>"; };
		33B53CCC2A726DF4007DD5FA /* ToDoData+CoreDataClass.swift */ = {isa = PBXFileReference; lastKnownFileType = sourcecode.swift; path = "ToDoData+CoreDataClass.swift"; sourceTree = "<group>"; };
		33B53CCD2A726DF4007DD5FA /* ToDoData+CoreDataProperties.swift */ = {isa = PBXFileReference; lastKnownFileType = sourcecode.swift; path = "ToDoData+CoreDataProperties.swift"; sourceTree = "<group>"; };
		33B53CD32A726EAC007DD5FA /* CoreDataManager.swift */ = {isa = PBXFileReference; lastKnownFileType = sourcecode.swift; path = CoreDataManager.swift; sourceTree = "<group>"; };
		33B53CD52A727740007DD5FA /* ToDoCell.swift */ = {isa = PBXFileReference; lastKnownFileType = sourcecode.swift; path = ToDoCell.swift; sourceTree = "<group>"; };
/* End PBXFileReference section */

/* Begin PBXFrameworksBuildPhase section */
		338C267E2A6FFB69008E6686 /* Frameworks */ = {
			isa = PBXFrameworksBuildPhase;
			buildActionMask = 2147483647;
			files = (
			);
			runOnlyForDeploymentPostprocessing = 0;
		};
/* End PBXFrameworksBuildPhase section */

/* Begin PBXGroup section */
		33649E772A7B9D450009B6D7 /* Helpers */ = {
			isa = PBXGroup;
			children = (
				33649E782A7B9D5E0009B6D7 /* MyColor.swift */,
				33649E7A2A7B9D910009B6D7 /* UIColor+Extension.swift */,
			);
			path = Helpers;
			sourceTree = "<group>";
		};
		338C26782A6FFB69008E6686 = {
			isa = PBXGroup;
			children = (
				338C26832A6FFB69008E6686 /* ToDoApp */,
				338C26822A6FFB69008E6686 /* Products */,
			);
			sourceTree = "<group>";
		};
		338C26822A6FFB69008E6686 /* Products */ = {
			isa = PBXGroup;
			children = (
				338C26812A6FFB69008E6686 /* ToDoApp.app */,
			);
			name = Products;
			sourceTree = "<group>";
		};
		338C26832A6FFB69008E6686 /* ToDoApp */ = {
			isa = PBXGroup;
			children = (
				338C26842A6FFB69008E6686 /* AppDelegate.swift */,
				338C26862A6FFB69008E6686 /* SceneDelegate.swift */,
				33649E772A7B9D450009B6D7 /* Helpers */,
				33B53CD02A726E02007DD5FA /* Models */,
				33B53CD22A726E33007DD5FA /* Views */,
				33B53CD12A726E26007DD5FA /* Controllers */,
				338C268A2A6FFB69008E6686 /* Main.storyboard */,
				338C26902A6FFB6A008E6686 /* Assets.xcassets */,
				338C26922A6FFB6A008E6686 /* LaunchScreen.storyboard */,
				338C26952A6FFB6A008E6686 /* Info.plist */,
				338C268D2A6FFB69008E6686 /* ToDoApp.xcdatamodeld */,
			);
			path = ToDoApp;
			sourceTree = "<group>";
		};
		33B53CD02A726E02007DD5FA /* Models */ = {
			isa = PBXGroup;
			children = (
				33B53CCC2A726DF4007DD5FA /* ToDoData+CoreDataClass.swift */,
				33B53CCD2A726DF4007DD5FA /* ToDoData+CoreDataProperties.swift */,
				33B53CD32A726EAC007DD5FA /* CoreDataManager.swift */,
			);
			path = Models;
			sourceTree = "<group>";
		};
		33B53CD12A726E26007DD5FA /* Controllers */ = {
			isa = PBXGroup;
			children = (
				338C26882A6FFB69008E6686 /* ViewController.swift */,
				33649E7C2A7BA44C0009B6D7 /* DetailViewController.swift */,
			);
			path = Controllers;
			sourceTree = "<group>";
		};
		33B53CD22A726E33007DD5FA /* Views */ = {
			isa = PBXGroup;
			children = (
				33B53CD52A727740007DD5FA /* ToDoCell.swift */,
			);
			path = Views;
			sourceTree = "<group>";
		};
/* End PBXGroup section */

/* Begin PBXNativeTarget section */
		338C26802A6FFB69008E6686 /* ToDoApp */ = {
			isa = PBXNativeTarget;
			buildConfigurationList = 338C26982A6FFB6A008E6686 /* Build configuration list for PBXNativeTarget "ToDoApp" */;
			buildPhases = (
				338C267D2A6FFB69008E6686 /* Sources */,
				338C267E2A6FFB69008E6686 /* Frameworks */,
				338C267F2A6FFB69008E6686 /* Resources */,
			);
			buildRules = (
			);
			dependencies = (
			);
			name = ToDoApp;
			productName = ToDoApp;
			productReference = 338C26812A6FFB69008E6686 /* ToDoApp.app */;
			productType = "com.apple.product-type.application";
		};
/* End PBXNativeTarget section */

/* Begin PBXProject section */
		338C26792A6FFB69008E6686 /* Project object */ = {
			isa = PBXProject;
			attributes = {
				BuildIndependentTargetsInParallel = 1;
				LastSwiftUpdateCheck = 1420;
				LastUpgradeCheck = 1420;
				TargetAttributes = {
					338C26802A6FFB69008E6686 = {
						CreatedOnToolsVersion = 14.2;
					};
				};
			};
			buildConfigurationList = 338C267C2A6FFB69008E6686 /* Build configuration list for PBXProject "ToDoApp" */;
			compatibilityVersion = "Xcode 14.0";
			developmentRegion = en;
			hasScannedForEncodings = 0;
			knownRegions = (
				en,
				Base,
			);
			mainGroup = 338C26782A6FFB69008E6686;
			productRefGroup = 338C26822A6FFB69008E6686 /* Products */;
			projectDirPath = "";
			projectRoot = "";
			targets = (
				338C26802A6FFB69008E6686 /* ToDoApp */,
			);
		};
/* End PBXProject section */

/* Begin PBXResourcesBuildPhase section */
		338C267F2A6FFB69008E6686 /* Resources */ = {
			isa = PBXResourcesBuildPhase;
			buildActionMask = 2147483647;
			files = (
				338C26942A6FFB6A008E6686 /* LaunchScreen.storyboard in Resources */,
				338C26912A6FFB6A008E6686 /* Assets.xcassets in Resources */,
				338C268C2A6FFB69008E6686 /* Main.storyboard in Resources */,
			);
			runOnlyForDeploymentPostprocessing = 0;
		};
/* End PBXResourcesBuildPhase section */

/* Begin PBXSourcesBuildPhase section */
		338C267D2A6FFB69008E6686 /* Sources */ = {
			isa = PBXSourcesBuildPhase;
			buildActionMask = 2147483647;
			files = (
				33649E7D2A7BA44C0009B6D7 /* DetailViewController.swift in Sources */,
				338C26892A6FFB69008E6686 /* ViewController.swift in Sources */,
				338C26852A6FFB69008E6686 /* AppDelegate.swift in Sources */,
				33649E792A7B9D5E0009B6D7 /* MyColor.swift in Sources */,
				338C26872A6FFB69008E6686 /* SceneDelegate.swift in Sources */,
				338C268F2A6FFB69008E6686 /* ToDoApp.xcdatamodeld in Sources */,
				33B53CCF2A726DF4007DD5FA /* ToDoData+CoreDataProperties.swift in Sources */,
				33B53CD42A726EAC007DD5FA /* CoreDataManager.swift in Sources */,
				33B53CCE2A726DF4007DD5FA /* ToDoData+CoreDataClass.swift in Sources */,
				33B53CD62A727740007DD5FA /* ToDoCell.swift in Sources */,
				33649E7B2A7B9D910009B6D7 /* UIColor+Extension.swift in Sources */,
			);
			runOnlyForDeploymentPostprocessing = 0;
		};
/* End PBXSourcesBuildPhase section */

/* Begin PBXVariantGroup section */
		338C268A2A6FFB69008E6686 /* Main.storyboard */ = {
			isa = PBXVariantGroup;
			children = (
				338C268B2A6FFB69008E6686 /* Base */,
			);
			name = Main.storyboard;
			sourceTree = "<group>";
		};
		338C26922A6FFB6A008E6686 /* LaunchScreen.storyboard */ = {
			isa = PBXVariantGroup;
			children = (
				338C26932A6FFB6A008E6686 /* Base */,
			);
			name = LaunchScreen.storyboard;
			sourceTree = "<group>";
		};
/* End PBXVariantGroup section */

/* Begin XCBuildConfiguration section */
		338C26962A6FFB6A008E6686 /* Debug */ = {
			isa = XCBuildConfiguration;
			buildSettings = {
				ALWAYS_SEARCH_USER_PATHS = NO;
				CLANG_ANALYZER_NONNULL = YES;
				CLANG_ANALYZER_NUMBER_OBJECT_CONVERSION = YES_AGGRESSIVE;
				CLANG_CXX_LANGUAGE_STANDARD = "gnu++20";
				CLANG_ENABLE_MODULES = YES;
				CLANG_ENABLE_OBJC_ARC = YES;
				CLANG_ENABLE_OBJC_WEAK = YES;
				CLANG_WARN_BLOCK_CAPTURE_AUTORELEASING = YES;
				CLANG_WARN_BOOL_CONVERSION = YES;
				CLANG_WARN_COMMA = YES;
				CLANG_WARN_CONSTANT_CONVERSION = YES;
				CLANG_WARN_DEPRECATED_OBJC_IMPLEMENTATIONS = YES;
				CLANG_WARN_DIRECT_OBJC_ISA_USAGE = YES_ERROR;
				CLANG_WARN_DOCUMENTATION_COMMENTS = YES;
				CLANG_WARN_EMPTY_BODY = YES;
				CLANG_WARN_ENUM_CONVERSION = YES;
				CLANG_WARN_INFINITE_RECURSION = YES;
				CLANG_WARN_INT_CONVERSION = YES;
				CLANG_WARN_NON_LITERAL_NULL_CONVERSION = YES;
				CLANG_WARN_OBJC_IMPLICIT_RETAIN_SELF = YES;
				CLANG_WARN_OBJC_LITERAL_CONVERSION = YES;
				CLANG_WARN_OBJC_ROOT_CLASS = YES_ERROR;
				CLANG_WARN_QUOTED_INCLUDE_IN_FRAMEWORK_HEADER = YES;
				CLANG_WARN_RANGE_LOOP_ANALYSIS = YES;
				CLANG_WARN_STRICT_PROTOTYPES = YES;
				CLANG_WARN_SUSPICIOUS_MOVE = YES;
				CLANG_WARN_UNGUARDED_AVAILABILITY = YES_AGGRESSIVE;
				CLANG_WARN_UNREACHABLE_CODE = YES;
				CLANG_WARN__DUPLICATE_METHOD_MATCH = YES;
				COPY_PHASE_STRIP = NO;
				DEBUG_INFORMATION_FORMAT = dwarf;
				ENABLE_STRICT_OBJC_MSGSEND = YES;
				ENABLE_TESTABILITY = YES;
				GCC_C_LANGUAGE_STANDARD = gnu11;
				GCC_DYNAMIC_NO_PIC = NO;
				GCC_NO_COMMON_BLOCKS = YES;
				GCC_OPTIMIZATION_LEVEL = 0;
				GCC_PREPROCESSOR_DEFINITIONS = (
					"DEBUG=1",
					"$(inherited)",
				);
				GCC_WARN_64_TO_32_BIT_CONVERSION = YES;
				GCC_WARN_ABOUT_RETURN_TYPE = YES_ERROR;
				GCC_WARN_UNDECLARED_SELECTOR = YES;
				GCC_WARN_UNINITIALIZED_AUTOS = YES_AGGRESSIVE;
				GCC_WARN_UNUSED_FUNCTION = YES;
				GCC_WARN_UNUSED_VARIABLE = YES;
				IPHONEOS_DEPLOYMENT_TARGET = 16.2;
				MTL_ENABLE_DEBUG_INFO = INCLUDE_SOURCE;
				MTL_FAST_MATH = YES;
				ONLY_ACTIVE_ARCH = YES;
				SDKROOT = iphoneos;
				SWIFT_ACTIVE_COMPILATION_CONDITIONS = DEBUG;
				SWIFT_OPTIMIZATION_LEVEL = "-Onone";
			};
			name = Debug;
		};
		338C26972A6FFB6A008E6686 /* Release */ = {
			isa = XCBuildConfiguration;
			buildSettings = {
				ALWAYS_SEARCH_USER_PATHS = NO;
				CLANG_ANALYZER_NONNULL = YES;
				CLANG_ANALYZER_NUMBER_OBJECT_CONVERSION = YES_AGGRESSIVE;
				CLANG_CXX_LANGUAGE_STANDARD = "gnu++20";
				CLANG_ENABLE_MODULES = YES;
				CLANG_ENABLE_OBJC_ARC = YES;
				CLANG_ENABLE_OBJC_WEAK = YES;
				CLANG_WARN_BLOCK_CAPTURE_AUTORELEASING = YES;
				CLANG_WARN_BOOL_CONVERSION = YES;
				CLANG_WARN_COMMA = YES;
				CLANG_WARN_CONSTANT_CONVERSION = YES;
				CLANG_WARN_DEPRECATED_OBJC_IMPLEMENTATIONS = YES;
				CLANG_WARN_DIRECT_OBJC_ISA_USAGE = YES_ERROR;
				CLANG_WARN_DOCUMENTATION_COMMENTS = YES;
				CLANG_WARN_EMPTY_BODY = YES;
				CLANG_WARN_ENUM_CONVERSION = YES;
				CLANG_WARN_INFINITE_RECURSION = YES;
				CLANG_WARN_INT_CONVERSION = YES;
				CLANG_WARN_NON_LITERAL_NULL_CONVERSION = YES;
				CLANG_WARN_OBJC_IMPLICIT_RETAIN_SELF = YES;
				CLANG_WARN_OBJC_LITERAL_CONVERSION = YES;
				CLANG_WARN_OBJC_ROOT_CLASS = YES_ERROR;
				CLANG_WARN_QUOTED_INCLUDE_IN_FRAMEWORK_HEADER = YES;
				CLANG_WARN_RANGE_LOOP_ANALYSIS = YES;
				CLANG_WARN_STRICT_PROTOTYPES = YES;
				CLANG_WARN_SUSPICIOUS_MOVE = YES;
				CLANG_WARN_UNGUARDED_AVAILABILITY = YES_AGGRESSIVE;
				CLANG_WARN_UNREACHABLE_CODE = YES;
				CLANG_WARN__DUPLICATE_METHOD_MATCH = YES;
				COPY_PHASE_STRIP = NO;
				DEBUG_INFORMATION_FORMAT = "dwarf-with-dsym";
				ENABLE_NS_ASSERTIONS = NO;
				ENABLE_STRICT_OBJC_MSGSEND = YES;
				GCC_C_LANGUAGE_STANDARD = gnu11;
				GCC_NO_COMMON_BLOCKS = YES;
				GCC_WARN_64_TO_32_BIT_CONVERSION = YES;
				GCC_WARN_ABOUT_RETURN_TYPE = YES_ERROR;
				GCC_WARN_UNDECLARED_SELECTOR = YES;
				GCC_WARN_UNINITIALIZED_AUTOS = YES_AGGRESSIVE;
				GCC_WARN_UNUSED_FUNCTION = YES;
				GCC_WARN_UNUSED_VARIABLE = YES;
				IPHONEOS_DEPLOYMENT_TARGET = 16.2;
				MTL_ENABLE_DEBUG_INFO = NO;
				MTL_FAST_MATH = YES;
				SDKROOT = iphoneos;
				SWIFT_COMPILATION_MODE = wholemodule;
				SWIFT_OPTIMIZATION_LEVEL = "-O";
				VALIDATE_PRODUCT = YES;
			};
			name = Release;
		};
		338C26992A6FFB6A008E6686 /* Debug */ = {
			isa = XCBuildConfiguration;
			buildSettings = {
				ASSETCATALOG_COMPILER_APPICON_NAME = AppIcon;
				ASSETCATALOG_COMPILER_GLOBAL_ACCENT_COLOR_NAME = AccentColor;
				CODE_SIGN_STYLE = Automatic;
				CURRENT_PROJECT_VERSION = 1;
				GENERATE_INFOPLIST_FILE = YES;
				INFOPLIST_FILE = ToDoApp/Info.plist;
				INFOPLIST_KEY_UIApplicationSupportsIndirectInputEvents = YES;
				INFOPLIST_KEY_UILaunchStoryboardName = LaunchScreen;
				INFOPLIST_KEY_UIMainStoryboardFile = Main;
				INFOPLIST_KEY_UISupportedInterfaceOrientations = UIInterfaceOrientationPortrait;
				INFOPLIST_KEY_UISupportedInterfaceOrientations_iPad = "UIInterfaceOrientationLandscapeLeft UIInterfaceOrientationLandscapeRight UIInterfaceOrientationPortrait UIInterfaceOrientationPortraitUpsideDown";
				IPHONEOS_DEPLOYMENT_TARGET = 13.0;
				LD_RUNPATH_SEARCH_PATHS = (
					"$(inherited)",
					"@executable_path/Frameworks",
				);
				MARKETING_VERSION = 1.0;
				PRODUCT_BUNDLE_IDENTIFIER = com.sj.ToDoApp;
				PRODUCT_NAME = "$(TARGET_NAME)";
				SUPPORTED_PLATFORMS = "iphoneos iphonesimulator";
				SUPPORTS_MACCATALYST = NO;
				SUPPORTS_MAC_DESIGNED_FOR_IPHONE_IPAD = NO;
				SWIFT_EMIT_LOC_STRINGS = YES;
				SWIFT_VERSION = 5.0;
				TARGETED_DEVICE_FAMILY = 1;
			};
			name = Debug;
		};
		338C269A2A6FFB6A008E6686 /* Release */ = {
			isa = XCBuildConfiguration;
			buildSettings = {
				ASSETCATALOG_COMPILER_APPICON_NAME = AppIcon;
				ASSETCATALOG_COMPILER_GLOBAL_ACCENT_COLOR_NAME = AccentColor;
				CODE_SIGN_STYLE = Automatic;
				CURRENT_PROJECT_VERSION = 1;
				GENERATE_INFOPLIST_FILE = YES;
				INFOPLIST_FILE = ToDoApp/Info.plist;
				INFOPLIST_KEY_UIApplicationSupportsIndirectInputEvents = YES;
				INFOPLIST_KEY_UILaunchStoryboardName = LaunchScreen;
				INFOPLIST_KEY_UIMainStoryboardFile = Main;
				INFOPLIST_KEY_UISupportedInterfaceOrientations = UIInterfaceOrientationPortrait;
				INFOPLIST_KEY_UISupportedInterfaceOrientations_iPad = "UIInterfaceOrientationLandscapeLeft UIInterfaceOrientationLandscapeRight UIInterfaceOrientationPortrait UIInterfaceOrientationPortraitUpsideDown";
				IPHONEOS_DEPLOYMENT_TARGET = 13.0;
				LD_RUNPATH_SEARCH_PATHS = (
					"$(inherited)",
					"@executable_path/Frameworks",
				);
				MARKETING_VERSION = 1.0;
				PRODUCT_BUNDLE_IDENTIFIER = com.sj.ToDoApp;
				PRODUCT_NAME = "$(TARGET_NAME)";
				SUPPORTED_PLATFORMS = "iphoneos iphonesimulator";
				SUPPORTS_MACCATALYST = NO;
				SUPPORTS_MAC_DESIGNED_FOR_IPHONE_IPAD = NO;
				SWIFT_EMIT_LOC_STRINGS = YES;
				SWIFT_VERSION = 5.0;
				TARGETED_DEVICE_FAMILY = 1;
			};
			name = Release;
		};
/* End XCBuildConfiguration section */

/* Begin XCConfigurationList section */
		338C267C2A6FFB69008E6686 /* Build configuration list for PBXProject "ToDoApp" */ = {
			isa = XCConfigurationList;
			buildConfigurations = (
				338C26962A6FFB6A008E6686 /* Debug */,
				338C26972A6FFB6A008E6686 /* Release */,
			);
			defaultConfigurationIsVisible = 0;
			defaultConfigurationName = Release;
		};
		338C26982A6FFB6A008E6686 /* Build configuration list for PBXNativeTarget "ToDoApp" */ = {
			isa = XCConfigurationList;
			buildConfigurations = (
				338C26992A6FFB6A008E6686 /* Debug */,
				338C269A2A6FFB6A008E6686 /* Release */,
			);
			defaultConfigurationIsVisible = 0;
			defaultConfigurationName = Release;
		};
/* End XCConfigurationList section */

/* Begin XCVersionGroup section */
		338C268D2A6FFB69008E6686 /* ToDoApp.xcdatamodeld */ = {
			isa = XCVersionGroup;
			children = (
				338C268E2A6FFB69008E6686 /* ToDoApp.xcdatamodel */,
			);
			currentVersion = 338C268E2A6FFB69008E6686 /* ToDoApp.xcdatamodel */;
			path = ToDoApp.xcdatamodeld;
			sourceTree = "<group>";
			versionGroupType = wrapper.xcdatamodel;
		};
/* End XCVersionGroup section */
	};
	rootObject = 338C26792A6FFB69008E6686 /* Project object */;
}
