// !$*UTF8*$!
{
	archiveVersion = 1;
	classes = {
	};
	objectVersion = 56;
	objects = {

/* Begin PBXBuildFile section */
		331087C02A404A0C0091CCA6 /* DetailViewController.swift in Sources */ = {isa = PBXBuildFile; fileRef = 331087BF2A404A0C0091CCA6 /* DetailViewController.swift */; };
		331087C22A404A2A0091CCA6 /* DetailView.swift in Sources */ = {isa = PBXBuildFile; fileRef = 331087C12A404A2A0091CCA6 /* DetailView.swift */; };
		336D6DEB2A3B16A000057BFC /* AppDelegate.swift in Sources */ = {isa = PBXBuildFile; fileRef = 336D6DEA2A3B16A000057BFC /* AppDelegate.swift */; };
		336D6DED2A3B16A000057BFC /* SceneDelegate.swift in Sources */ = {isa = PBXBuildFile; fileRef = 336D6DEC2A3B16A000057BFC /* SceneDelegate.swift */; };
		336D6DEF2A3B16A000057BFC /* ViewController.swift in Sources */ = {isa = PBXBuildFile; fileRef = 336D6DEE2A3B16A000057BFC /* ViewController.swift */; };
		336D6DF22A3B16A000057BFC /* Main.storyboard in Resources */ = {isa = PBXBuildFile; fileRef = 336D6DF02A3B16A000057BFC /* Main.storyboard */; };
		336D6DF42A3B16A100057BFC /* Assets.xcassets in Resources */ = {isa = PBXBuildFile; fileRef = 336D6DF32A3B16A100057BFC /* Assets.xcassets */; };
		336D6DF72A3B16A100057BFC /* LaunchScreen.storyboard in Resources */ = {isa = PBXBuildFile; fileRef = 336D6DF52A3B16A100057BFC /* LaunchScreen.storyboard */; };
		336D6E032A3B3D7800057BFC /* Member.swift in Sources */ = {isa = PBXBuildFile; fileRef = 336D6E022A3B3D7800057BFC /* Member.swift */; };
		336D6E052A3B426000057BFC /* MemberListManager.swift in Sources */ = {isa = PBXBuildFile; fileRef = 336D6E042A3B426000057BFC /* MemberListManager.swift */; };
		336D6E072A3B46AA00057BFC /* MyTableViewCell.swift in Sources */ = {isa = PBXBuildFile; fileRef = 336D6E062A3B46AA00057BFC /* MyTableViewCell.swift */; };
/* End PBXBuildFile section */

/* Begin PBXFileReference section */
		331087BF2A404A0C0091CCA6 /* DetailViewController.swift */ = {isa = PBXFileReference; lastKnownFileType = sourcecode.swift; path = DetailViewController.swift; sourceTree = "<group>"; };
		331087C12A404A2A0091CCA6 /* DetailView.swift */ = {isa = PBXFileReference; lastKnownFileType = sourcecode.swift; path = DetailView.swift; sourceTree = "<group>"; };
		336D6DE72A3B16A000057BFC /* MemberList.app */ = {isa = PBXFileReference; explicitFileType = wrapper.application; includeInIndex = 0; path = MemberList.app; sourceTree = BUILT_PRODUCTS_DIR; };
		336D6DEA2A3B16A000057BFC /* AppDelegate.swift */ = {isa = PBXFileReference; lastKnownFileType = sourcecode.swift; path = AppDelegate.swift; sourceTree = "<group>"; };
		336D6DEC2A3B16A000057BFC /* SceneDelegate.swift */ = {isa = PBXFileReference; lastKnownFileType = sourcecode.swift; path = SceneDelegate.swift; sourceTree = "<group>"; };
		336D6DEE2A3B16A000057BFC /* ViewController.swift */ = {isa = PBXFileReference; lastKnownFileType = sourcecode.swift; path = ViewController.swift; sourceTree = "<group>"; };
		336D6DF12A3B16A000057BFC /* Base */ = {isa = PBXFileReference; lastKnownFileType = file.storyboard; name = Base; path = Base.lproj/Main.storyboard; sourceTree = "<group>"; };
		336D6DF32A3B16A100057BFC /* Assets.xcassets */ = {isa = PBXFileReference; lastKnownFileType = folder.assetcatalog; path = Assets.xcassets; sourceTree = "<group>"; };
		336D6DF62A3B16A100057BFC /* Base */ = {isa = PBXFileReference; lastKnownFileType = file.storyboard; name = Base; path = Base.lproj/LaunchScreen.storyboard; sourceTree = "<group>"; };
		336D6DF82A3B16A100057BFC /* Info.plist */ = {isa = PBXFileReference; lastKnownFileType = text.plist.xml; path = Info.plist; sourceTree = "<group>"; };
		336D6E022A3B3D7800057BFC /* Member.swift */ = {isa = PBXFileReference; lastKnownFileType = sourcecode.swift; path = Member.swift; sourceTree = "<group>"; };
		336D6E042A3B426000057BFC /* MemberListManager.swift */ = {isa = PBXFileReference; lastKnownFileType = sourcecode.swift; path = MemberListManager.swift; sourceTree = "<group>"; };
		336D6E062A3B46AA00057BFC /* MyTableViewCell.swift */ = {isa = PBXFileReference; lastKnownFileType = sourcecode.swift; path = MyTableViewCell.swift; sourceTree = "<group>"; };
/* End PBXFileReference section */

/* Begin PBXFrameworksBuildPhase section */
		336D6DE42A3B16A000057BFC /* Frameworks */ = {
			isa = PBXFrameworksBuildPhase;
			buildActionMask = 2147483647;
			files = (
			);
			runOnlyForDeploymentPostprocessing = 0;
		};
/* End PBXFrameworksBuildPhase section */

/* Begin PBXGroup section */
		336D6DDE2A3B16A000057BFC = {
			isa = PBXGroup;
			children = (
				336D6DE92A3B16A000057BFC /* MemberList */,
				336D6DE82A3B16A000057BFC /* Products */,
			);
			sourceTree = "<group>";
		};
		336D6DE82A3B16A000057BFC /* Products */ = {
			isa = PBXGroup;
			children = (
				336D6DE72A3B16A000057BFC /* MemberList.app */,
			);
			name = Products;
			sourceTree = "<group>";
		};
		336D6DE92A3B16A000057BFC /* MemberList */ = {
			isa = PBXGroup;
			children = (
				336D6DEA2A3B16A000057BFC /* AppDelegate.swift */,
				336D6DEC2A3B16A000057BFC /* SceneDelegate.swift */,
				336D6E012A3B3D1D00057BFC /* Models */,
				336D6E002A3B3D1600057BFC /* Views */,
				336D6DFF2A3B3D0E00057BFC /* Controllers */,
				336D6DF32A3B16A100057BFC /* Assets.xcassets */,
				336D6DF52A3B16A100057BFC /* LaunchScreen.storyboard */,
				336D6DF82A3B16A100057BFC /* Info.plist */,
			);
			path = MemberList;
			sourceTree = "<group>";
		};
		336D6DFF2A3B3D0E00057BFC /* Controllers */ = {
			isa = PBXGroup;
			children = (
				336D6DEE2A3B16A000057BFC /* ViewController.swift */,
				331087BF2A404A0C0091CCA6 /* DetailViewController.swift */,
			);
			path = Controllers;
			sourceTree = "<group>";
		};
		336D6E002A3B3D1600057BFC /* Views */ = {
			isa = PBXGroup;
			children = (
				336D6DF02A3B16A000057BFC /* Main.storyboard */,
				336D6E062A3B46AA00057BFC /* MyTableViewCell.swift */,
				331087C12A404A2A0091CCA6 /* DetailView.swift */,
			);
			path = Views;
			sourceTree = "<group>";
		};
		336D6E012A3B3D1D00057BFC /* Models */ = {
			isa = PBXGroup;
			children = (
				336D6E022A3B3D7800057BFC /* Member.swift */,
				336D6E042A3B426000057BFC /* MemberListManager.swift */,
			);
			path = Models;
			sourceTree = "<group>";
		};
/* End PBXGroup section */

/* Begin PBXNativeTarget section */
		336D6DE62A3B16A000057BFC /* MemberList */ = {
			isa = PBXNativeTarget;
			buildConfigurationList = 336D6DFB2A3B16A100057BFC /* Build configuration list for PBXNativeTarget "MemberList" */;
			buildPhases = (
				336D6DE32A3B16A000057BFC /* Sources */,
				336D6DE42A3B16A000057BFC /* Frameworks */,
				336D6DE52A3B16A000057BFC /* Resources */,
			);
			buildRules = (
			);
			dependencies = (
			);
			name = MemberList;
			productName = MemberList;
			productReference = 336D6DE72A3B16A000057BFC /* MemberList.app */;
			productType = "com.apple.product-type.application";
		};
/* End PBXNativeTarget section */

/* Begin PBXProject section */
		336D6DDF2A3B16A000057BFC /* Project object */ = {
			isa = PBXProject;
			attributes = {
				BuildIndependentTargetsInParallel = 1;
				LastSwiftUpdateCheck = 1420;
				LastUpgradeCheck = 1420;
				TargetAttributes = {
					336D6DE62A3B16A000057BFC = {
						CreatedOnToolsVersion = 14.2;
					};
				};
			};
			buildConfigurationList = 336D6DE22A3B16A000057BFC /* Build configuration list for PBXProject "MemberList" */;
			compatibilityVersion = "Xcode 14.0";
			developmentRegion = en;
			hasScannedForEncodings = 0;
			knownRegions = (
				en,
				Base,
			);
			mainGroup = 336D6DDE2A3B16A000057BFC;
			productRefGroup = 336D6DE82A3B16A000057BFC /* Products */;
			projectDirPath = "";
			projectRoot = "";
			targets = (
				336D6DE62A3B16A000057BFC /* MemberList */,
			);
		};
/* End PBXProject section */

/* Begin PBXResourcesBuildPhase section */
		336D6DE52A3B16A000057BFC /* Resources */ = {
			isa = PBXResourcesBuildPhase;
			buildActionMask = 2147483647;
			files = (
				336D6DF72A3B16A100057BFC /* LaunchScreen.storyboard in Resources */,
				336D6DF42A3B16A100057BFC /* Assets.xcassets in Resources */,
				336D6DF22A3B16A000057BFC /* Main.storyboard in Resources */,
			);
			runOnlyForDeploymentPostprocessing = 0;
		};
/* End PBXResourcesBuildPhase section */

/* Begin PBXSourcesBuildPhase section */
		336D6DE32A3B16A000057BFC /* Sources */ = {
			isa = PBXSourcesBuildPhase;
			buildActionMask = 2147483647;
			files = (
				336D6E052A3B426000057BFC /* MemberListManager.swift in Sources */,
				331087C22A404A2A0091CCA6 /* DetailView.swift in Sources */,
				336D6DEF2A3B16A000057BFC /* ViewController.swift in Sources */,
				336D6DEB2A3B16A000057BFC /* AppDelegate.swift in Sources */,
				336D6DED2A3B16A000057BFC /* SceneDelegate.swift in Sources */,
				336D6E032A3B3D7800057BFC /* Member.swift in Sources */,
				336D6E072A3B46AA00057BFC /* MyTableViewCell.swift in Sources */,
				331087C02A404A0C0091CCA6 /* DetailViewController.swift in Sources */,
			);
			runOnlyForDeploymentPostprocessing = 0;
		};
/* End PBXSourcesBuildPhase section */

/* Begin PBXVariantGroup section */
		336D6DF02A3B16A000057BFC /* Main.storyboard */ = {
			isa = PBXVariantGroup;
			children = (
				336D6DF12A3B16A000057BFC /* Base */,
			);
			name = Main.storyboard;
			sourceTree = "<group>";
		};
		336D6DF52A3B16A100057BFC /* LaunchScreen.storyboard */ = {
			isa = PBXVariantGroup;
			children = (
				336D6DF62A3B16A100057BFC /* Base */,
			);
			name = LaunchScreen.storyboard;
			sourceTree = "<group>";
		};
/* End PBXVariantGroup section */

/* Begin XCBuildConfiguration section */
		336D6DF92A3B16A100057BFC /* Debug */ = {
			isa = XCBuildConfiguration;
			buildSettings = {
				ALWAYS_SEARCH_USER_PATHS = NO;
				CLANG_ANALYZER_NONNULL = YES;
				CLANG_ANALYZER_NUMBER_OBJECT_CONVERSION = YES_AGGRESSIVE;
				CLANG_CXX_LANGUAGE_STANDARD = "gnu++20";
				CLANG_ENABLE_MODULES = YES;
				CLANG_ENABLE_OBJC_ARC = YES;
				CLANG_ENABLE_OBJC_WEAK = YES;
				CLANG_WARN_BLOCK_CAPTURE_AUTORELEASING = YES;
				CLANG_WARN_BOOL_CONVERSION = YES;
				CLANG_WARN_COMMA = YES;
				CLANG_WARN_CONSTANT_CONVERSION = YES;
				CLANG_WARN_DEPRECATED_OBJC_IMPLEMENTATIONS = YES;
				CLANG_WARN_DIRECT_OBJC_ISA_USAGE = YES_ERROR;
				CLANG_WARN_DOCUMENTATION_COMMENTS = YES;
				CLANG_WARN_EMPTY_BODY = YES;
				CLANG_WARN_ENUM_CONVERSION = YES;
				CLANG_WARN_INFINITE_RECURSION = YES;
				CLANG_WARN_INT_CONVERSION = YES;
				CLANG_WARN_NON_LITERAL_NULL_CONVERSION = YES;
				CLANG_WARN_OBJC_IMPLICIT_RETAIN_SELF = YES;
				CLANG_WARN_OBJC_LITERAL_CONVERSION = YES;
				CLANG_WARN_OBJC_ROOT_CLASS = YES_ERROR;
				CLANG_WARN_QUOTED_INCLUDE_IN_FRAMEWORK_HEADER = YES;
				CLANG_WARN_RANGE_LOOP_ANALYSIS = YES;
				CLANG_WARN_STRICT_PROTOTYPES = YES;
				CLANG_WARN_SUSPICIOUS_MOVE = YES;
				CLANG_WARN_UNGUARDED_AVAILABILITY = YES_AGGRESSIVE;
				CLANG_WARN_UNREACHABLE_CODE = YES;
				CLANG_WARN__DUPLICATE_METHOD_MATCH = YES;
				COPY_PHASE_STRIP = NO;
				DEBUG_INFORMATION_FORMAT = dwarf;
				ENABLE_STRICT_OBJC_MSGSEND = YES;
				ENABLE_TESTABILITY = YES;
				GCC_C_LANGUAGE_STANDARD = gnu11;
				GCC_DYNAMIC_NO_PIC = NO;
				GCC_NO_COMMON_BLOCKS = YES;
				GCC_OPTIMIZATION_LEVEL = 0;
				GCC_PREPROCESSOR_DEFINITIONS = (
					"DEBUG=1",
					"$(inherited)",
				);
				GCC_WARN_64_TO_32_BIT_CONVERSION = YES;
				GCC_WARN_ABOUT_RETURN_TYPE = YES_ERROR;
				GCC_WARN_UNDECLARED_SELECTOR = YES;
				GCC_WARN_UNINITIALIZED_AUTOS = YES_AGGRESSIVE;
				GCC_WARN_UNUSED_FUNCTION = YES;
				GCC_WARN_UNUSED_VARIABLE = YES;
				IPHONEOS_DEPLOYMENT_TARGET = 16.2;
				MTL_ENABLE_DEBUG_INFO = INCLUDE_SOURCE;
				MTL_FAST_MATH = YES;
				ONLY_ACTIVE_ARCH = YES;
				SDKROOT = iphoneos;
				SWIFT_ACTIVE_COMPILATION_CONDITIONS = DEBUG;
				SWIFT_OPTIMIZATION_LEVEL = "-Onone";
			};
			name = Debug;
		};
		336D6DFA2A3B16A100057BFC /* Release */ = {
			isa = XCBuildConfiguration;
			buildSettings = {
				ALWAYS_SEARCH_USER_PATHS = NO;
				CLANG_ANALYZER_NONNULL = YES;
				CLANG_ANALYZER_NUMBER_OBJECT_CONVERSION = YES_AGGRESSIVE;
				CLANG_CXX_LANGUAGE_STANDARD = "gnu++20";
				CLANG_ENABLE_MODULES = YES;
				CLANG_ENABLE_OBJC_ARC = YES;
				CLANG_ENABLE_OBJC_WEAK = YES;
				CLANG_WARN_BLOCK_CAPTURE_AUTORELEASING = YES;
				CLANG_WARN_BOOL_CONVERSION = YES;
				CLANG_WARN_COMMA = YES;
				CLANG_WARN_CONSTANT_CONVERSION = YES;
				CLANG_WARN_DEPRECATED_OBJC_IMPLEMENTATIONS = YES;
				CLANG_WARN_DIRECT_OBJC_ISA_USAGE = YES_ERROR;
				CLANG_WARN_DOCUMENTATION_COMMENTS = YES;
				CLANG_WARN_EMPTY_BODY = YES;
				CLANG_WARN_ENUM_CONVERSION = YES;
				CLANG_WARN_INFINITE_RECURSION = YES;
				CLANG_WARN_INT_CONVERSION = YES;
				CLANG_WARN_NON_LITERAL_NULL_CONVERSION = YES;
				CLANG_WARN_OBJC_IMPLICIT_RETAIN_SELF = YES;
				CLANG_WARN_OBJC_LITERAL_CONVERSION = YES;
				CLANG_WARN_OBJC_ROOT_CLASS = YES_ERROR;
				CLANG_WARN_QUOTED_INCLUDE_IN_FRAMEWORK_HEADER = YES;
				CLANG_WARN_RANGE_LOOP_ANALYSIS = YES;
				CLANG_WARN_STRICT_PROTOTYPES = YES;
				CLANG_WARN_SUSPICIOUS_MOVE = YES;
				CLANG_WARN_UNGUARDED_AVAILABILITY = YES_AGGRESSIVE;
				CLANG_WARN_UNREACHABLE_CODE = YES;
				CLANG_WARN__DUPLICATE_METHOD_MATCH = YES;
				COPY_PHASE_STRIP = NO;
				DEBUG_INFORMATION_FORMAT = "dwarf-with-dsym";
				ENABLE_NS_ASSERTIONS = NO;
				ENABLE_STRICT_OBJC_MSGSEND = YES;
				GCC_C_LANGUAGE_STANDARD = gnu11;
				GCC_NO_COMMON_BLOCKS = YES;
				GCC_WARN_64_TO_32_BIT_CONVERSION = YES;
				GCC_WARN_ABOUT_RETURN_TYPE = YES_ERROR;
				GCC_WARN_UNDECLARED_SELECTOR = YES;
				GCC_WARN_UNINITIALIZED_AUTOS = YES_AGGRESSIVE;
				GCC_WARN_UNUSED_FUNCTION = YES;
				GCC_WARN_UNUSED_VARIABLE = YES;
				IPHONEOS_DEPLOYMENT_TARGET = 16.2;
				MTL_ENABLE_DEBUG_INFO = NO;
				MTL_FAST_MATH = YES;
				SDKROOT = iphoneos;
				SWIFT_COMPILATION_MODE = wholemodule;
				SWIFT_OPTIMIZATION_LEVEL = "-O";
				VALIDATE_PRODUCT = YES;
			};
			name = Release;
		};
		336D6DFC2A3B16A100057BFC /* Debug */ = {
			isa = XCBuildConfiguration;
			buildSettings = {
				ASSETCATALOG_COMPILER_APPICON_NAME = AppIcon;
				ASSETCATALOG_COMPILER_GLOBAL_ACCENT_COLOR_NAME = AccentColor;
				CODE_SIGN_STYLE = Automatic;
				CURRENT_PROJECT_VERSION = 1;
				GENERATE_INFOPLIST_FILE = YES;
				INFOPLIST_FILE = MemberList/Info.plist;
				INFOPLIST_KEY_UIApplicationSupportsIndirectInputEvents = YES;
				INFOPLIST_KEY_UILaunchStoryboardName = LaunchScreen;
				INFOPLIST_KEY_UIMainStoryboardFile = Main;
				INFOPLIST_KEY_UISupportedInterfaceOrientations = UIInterfaceOrientationPortrait;
				INFOPLIST_KEY_UISupportedInterfaceOrientations_iPad = "UIInterfaceOrientationLandscapeLeft UIInterfaceOrientationLandscapeRight UIInterfaceOrientationPortrait UIInterfaceOrientationPortraitUpsideDown";
				IPHONEOS_DEPLOYMENT_TARGET = 13.0;
				LD_RUNPATH_SEARCH_PATHS = (
					"$(inherited)",
					"@executable_path/Frameworks",
				);
				MARKETING_VERSION = 1.0;
				PRODUCT_BUNDLE_IDENTIFIER = com.sj.MemberList;
				PRODUCT_NAME = "$(TARGET_NAME)";
				SUPPORTED_PLATFORMS = "iphoneos iphonesimulator";
				SUPPORTS_MACCATALYST = NO;
				SUPPORTS_MAC_DESIGNED_FOR_IPHONE_IPAD = NO;
				SWIFT_EMIT_LOC_STRINGS = YES;
				SWIFT_VERSION = 5.0;
				TARGETED_DEVICE_FAMILY = 1;
			};
			name = Debug;
		};
		336D6DFD2A3B16A100057BFC /* Release */ = {
			isa = XCBuildConfiguration;
			buildSettings = {
				ASSETCATALOG_COMPILER_APPICON_NAME = AppIcon;
				ASSETCATALOG_COMPILER_GLOBAL_ACCENT_COLOR_NAME = AccentColor;
				CODE_SIGN_STYLE = Automatic;
				CURRENT_PROJECT_VERSION = 1;
				GENERATE_INFOPLIST_FILE = YES;
				INFOPLIST_FILE = MemberList/Info.plist;
				INFOPLIST_KEY_UIApplicationSupportsIndirectInputEvents = YES;
				INFOPLIST_KEY_UILaunchStoryboardName = LaunchScreen;
				INFOPLIST_KEY_UIMainStoryboardFile = Main;
				INFOPLIST_KEY_UISupportedInterfaceOrientations = UIInterfaceOrientationPortrait;
				INFOPLIST_KEY_UISupportedInterfaceOrientations_iPad = "UIInterfaceOrientationLandscapeLeft UIInterfaceOrientationLandscapeRight UIInterfaceOrientationPortrait UIInterfaceOrientationPortraitUpsideDown";
				IPHONEOS_DEPLOYMENT_TARGET = 13.0;
				LD_RUNPATH_SEARCH_PATHS = (
					"$(inherited)",
					"@executable_path/Frameworks",
				);
				MARKETING_VERSION = 1.0;
				PRODUCT_BUNDLE_IDENTIFIER = com.sj.MemberList;
				PRODUCT_NAME = "$(TARGET_NAME)";
				SUPPORTED_PLATFORMS = "iphoneos iphonesimulator";
				SUPPORTS_MACCATALYST = NO;
				SUPPORTS_MAC_DESIGNED_FOR_IPHONE_IPAD = NO;
				SWIFT_EMIT_LOC_STRINGS = YES;
				SWIFT_VERSION = 5.0;
				TARGETED_DEVICE_FAMILY = 1;
			};
			name = Release;
		};
/* End XCBuildConfiguration section */

/* Begin XCConfigurationList section */
		336D6DE22A3B16A000057BFC /* Build configuration list for PBXProject "MemberList" */ = {
			isa = XCConfigurationList;
			buildConfigurations = (
				336D6DF92A3B16A100057BFC /* Debug */,
				336D6DFA2A3B16A100057BFC /* Release */,
			);
			defaultConfigurationIsVisible = 0;
			defaultConfigurationName = Release;
		};
		336D6DFB2A3B16A100057BFC /* Build configuration list for PBXNativeTarget "MemberList" */ = {
			isa = XCConfigurationList;
			buildConfigurations = (
				336D6DFC2A3B16A100057BFC /* Debug */,
				336D6DFD2A3B16A100057BFC /* Release */,
			);
			defaultConfigurationIsVisible = 0;
			defaultConfigurationName = Release;
		};
/* End XCConfigurationList section */
	};
	rootObject = 336D6DDF2A3B16A000057BFC /* Project object */;
}
